// !$*UTF8*$!
{
	archiveVersion = 1;
	classes = {
	};
	objectVersion = 50;
	objects = {

/* Begin PBXBuildFile section */
		C3724CBC25D2CAFA00473FB8 /* AppDelegate.swift in Sources */ = {isa = PBXBuildFile; fileRef = C3724CBB25D2CAFA00473FB8 /* AppDelegate.swift */; };
		C3724CBE25D2CAFA00473FB8 /* SceneDelegate.swift in Sources */ = {isa = PBXBuildFile; fileRef = C3724CBD25D2CAFA00473FB8 /* SceneDelegate.swift */; };
		C3724CC025D2CAFA00473FB8 /* ContentView.swift in Sources */ = {isa = PBXBuildFile; fileRef = C3724CBF25D2CAFA00473FB8 /* ContentView.swift */; };
		C3724CC225D2CAFE00473FB8 /* Assets.xcassets in Resources */ = {isa = PBXBuildFile; fileRef = C3724CC125D2CAFE00473FB8 /* Assets.xcassets */; };
		C3724CC525D2CAFE00473FB8 /* Preview Assets.xcassets in Resources */ = {isa = PBXBuildFile; fileRef = C3724CC425D2CAFE00473FB8 /* Preview Assets.xcassets */; };
		C3724CC825D2CAFE00473FB8 /* LaunchScreen.storyboard in Resources */ = {isa = PBXBuildFile; fileRef = C3724CC625D2CAFE00473FB8 /* LaunchScreen.storyboard */; };
		C3724CD325D2CAFF00473FB8 /* fiTests.swift in Sources */ = {isa = PBXBuildFile; fileRef = C3724CD225D2CAFF00473FB8 /* fiTests.swift */; };
		C3724CDE25D2CAFF00473FB8 /* fiUITests.swift in Sources */ = {isa = PBXBuildFile; fileRef = C3724CDD25D2CAFF00473FB8 /* fiUITests.swift */; };
/* End PBXBuildFile section */

/* Begin PBXContainerItemProxy section */
		C3724CCF25D2CAFF00473FB8 /* PBXContainerItemProxy */ = {
			isa = PBXContainerItemProxy;
			containerPortal = C3724CB025D2CAFA00473FB8 /* Project object */;
			proxyType = 1;
			remoteGlobalIDString = C3724CB725D2CAFA00473FB8;
			remoteInfo = fi;
		};
		C3724CDA25D2CAFF00473FB8 /* PBXContainerItemProxy */ = {
			isa = PBXContainerItemProxy;
			containerPortal = C3724CB025D2CAFA00473FB8 /* Project object */;
			proxyType = 1;
			remoteGlobalIDString = C3724CB725D2CAFA00473FB8;
			remoteInfo = fi;
		};
/* End PBXContainerItemProxy section */

/* Begin PBXFileReference section */
		C3724CB825D2CAFA00473FB8 /* fi.app */ = {isa = PBXFileReference; explicitFileType = wrapper.application; includeInIndex = 0; path = fi.app; sourceTree = BUILT_PRODUCTS_DIR; };
		C3724CBB25D2CAFA00473FB8 /* AppDelegate.swift */ = {isa = PBXFileReference; lastKnownFileType = sourcecode.swift; path = AppDelegate.swift; sourceTree = "<group>"; };
		C3724CBD25D2CAFA00473FB8 /* SceneDelegate.swift */ = {isa = PBXFileReference; lastKnownFileType = sourcecode.swift; path = SceneDelegate.swift; sourceTree = "<group>"; };
		C3724CBF25D2CAFA00473FB8 /* ContentView.swift */ = {isa = PBXFileReference; lastKnownFileType = sourcecode.swift; path = ContentView.swift; sourceTree = "<group>"; };
		C3724CC125D2CAFE00473FB8 /* Assets.xcassets */ = {isa = PBXFileReference; lastKnownFileType = folder.assetcatalog; path = Assets.xcassets; sourceTree = "<group>"; };
		C3724CC425D2CAFE00473FB8 /* Preview Assets.xcassets */ = {isa = PBXFileReference; lastKnownFileType = folder.assetcatalog; path = "Preview Assets.xcassets"; sourceTree = "<group>"; };
		C3724CC725D2CAFE00473FB8 /* Base */ = {isa = PBXFileReference; lastKnownFileType = file.storyboard; name = Base; path = Base.lproj/LaunchScreen.storyboard; sourceTree = "<group>"; };
		C3724CC925D2CAFE00473FB8 /* Info.plist */ = {isa = PBXFileReference; lastKnownFileType = text.plist.xml; path = Info.plist; sourceTree = "<group>"; };
		C3724CCE25D2CAFF00473FB8 /* fiTests.xctest */ = {isa = PBXFileReference; explicitFileType = wrapper.cfbundle; includeInIndex = 0; path = fiTests.xctest; sourceTree = BUILT_PRODUCTS_DIR; };
		C3724CD225D2CAFF00473FB8 /* fiTests.swift */ = {isa = PBXFileReference; lastKnownFileType = sourcecode.swift; path = fiTests.swift; sourceTree = "<group>"; };
		C3724CD425D2CAFF00473FB8 /* Info.plist */ = {isa = PBXFileReference; lastKnownFileType = text.plist.xml; path = Info.plist; sourceTree = "<group>"; };
		C3724CD925D2CAFF00473FB8 /* fiUITests.xctest */ = {isa = PBXFileReference; explicitFileType = wrapper.cfbundle; includeInIndex = 0; path = fiUITests.xctest; sourceTree = BUILT_PRODUCTS_DIR; };
		C3724CDD25D2CAFF00473FB8 /* fiUITests.swift */ = {isa = PBXFileReference; lastKnownFileType = sourcecode.swift; path = fiUITests.swift; sourceTree = "<group>"; };
		C3724CDF25D2CAFF00473FB8 /* Info.plist */ = {isa = PBXFileReference; lastKnownFileType = text.plist.xml; path = Info.plist; sourceTree = "<group>"; };
/* End PBXFileReference section */

/* Begin PBXFrameworksBuildPhase section */
		C3724CB525D2CAFA00473FB8 /* Frameworks */ = {
			isa = PBXFrameworksBuildPhase;
			buildActionMask = 2147483647;
			files = (
			);
			runOnlyForDeploymentPostprocessing = 0;
		};
		C3724CCB25D2CAFF00473FB8 /* Frameworks */ = {
			isa = PBXFrameworksBuildPhase;
			buildActionMask = 2147483647;
			files = (
			);
			runOnlyForDeploymentPostprocessing = 0;
		};
		C3724CD625D2CAFF00473FB8 /* Frameworks */ = {
			isa = PBXFrameworksBuildPhase;
			buildActionMask = 2147483647;
			files = (
			);
			runOnlyForDeploymentPostprocessing = 0;
		};
/* End PBXFrameworksBuildPhase section */

/* Begin PBXGroup section */
		C3724CAF25D2CAFA00473FB8 = {
			isa = PBXGroup;
			children = (
				C3724CBA25D2CAFA00473FB8 /* fi */,
				C3724CD125D2CAFF00473FB8 /* fiTests */,
				C3724CDC25D2CAFF00473FB8 /* fiUITests */,
				C3724CB925D2CAFA00473FB8 /* Products */,
			);
			sourceTree = "<group>";
		};
		C3724CB925D2CAFA00473FB8 /* Products */ = {
			isa = PBXGroup;
			children = (
				C3724CB825D2CAFA00473FB8 /* fi.app */,
				C3724CCE25D2CAFF00473FB8 /* fiTests.xctest */,
				C3724CD925D2CAFF00473FB8 /* fiUITests.xctest */,
			);
			name = Products;
			sourceTree = "<group>";
		};
		C3724CBA25D2CAFA00473FB8 /* fi */ = {
			isa = PBXGroup;
			children = (
				C3724CBB25D2CAFA00473FB8 /* AppDelegate.swift */,
				C3724CBD25D2CAFA00473FB8 /* SceneDelegate.swift */,
				C3724CBF25D2CAFA00473FB8 /* ContentView.swift */,
				C3724CC125D2CAFE00473FB8 /* Assets.xcassets */,
				C3724CC625D2CAFE00473FB8 /* LaunchScreen.storyboard */,
				C3724CC925D2CAFE00473FB8 /* Info.plist */,
				C3724CC325D2CAFE00473FB8 /* Preview Content */,
			);
			path = fi;
			sourceTree = "<group>";
		};
		C3724CC325D2CAFE00473FB8 /* Preview Content */ = {
			isa = PBXGroup;
			children = (
				C3724CC425D2CAFE00473FB8 /* Preview Assets.xcassets */,
			);
			path = "Preview Content";
			sourceTree = "<group>";
		};
		C3724CD125D2CAFF00473FB8 /* fiTests */ = {
			isa = PBXGroup;
			children = (
				C3724CD225D2CAFF00473FB8 /* fiTests.swift */,
				C3724CD425D2CAFF00473FB8 /* Info.plist */,
			);
			path = fiTests;
			sourceTree = "<group>";
		};
		C3724CDC25D2CAFF00473FB8 /* fiUITests */ = {
			isa = PBXGroup;
			children = (
				C3724CDD25D2CAFF00473FB8 /* fiUITests.swift */,
				C3724CDF25D2CAFF00473FB8 /* Info.plist */,
			);
			path = fiUITests;
			sourceTree = "<group>";
		};
/* End PBXGroup section */

/* Begin PBXNativeTarget section */
		C3724CB725D2CAFA00473FB8 /* fi */ = {
			isa = PBXNativeTarget;
			buildConfigurationList = C3724CE225D2CAFF00473FB8 /* Build configuration list for PBXNativeTarget "fi" */;
			buildPhases = (
				C3724CB425D2CAFA00473FB8 /* Sources */,
				C3724CB525D2CAFA00473FB8 /* Frameworks */,
				C3724CB625D2CAFA00473FB8 /* Resources */,
			);
			buildRules = (
			);
			dependencies = (
			);
			name = fi;
			productName = fi;
			productReference = C3724CB825D2CAFA00473FB8 /* fi.app */;
			productType = "com.apple.product-type.application";
		};
		C3724CCD25D2CAFF00473FB8 /* fiTests */ = {
			isa = PBXNativeTarget;
			buildConfigurationList = C3724CE525D2CAFF00473FB8 /* Build configuration list for PBXNativeTarget "fiTests" */;
			buildPhases = (
				C3724CCA25D2CAFF00473FB8 /* Sources */,
				C3724CCB25D2CAFF00473FB8 /* Frameworks */,
				C3724CCC25D2CAFF00473FB8 /* Resources */,
			);
			buildRules = (
			);
			dependencies = (
				C3724CD025D2CAFF00473FB8 /* PBXTargetDependency */,
			);
			name = fiTests;
			productName = fiTests;
			productReference = C3724CCE25D2CAFF00473FB8 /* fiTests.xctest */;
			productType = "com.apple.product-type.bundle.unit-test";
		};
		C3724CD825D2CAFF00473FB8 /* fiUITests */ = {
			isa = PBXNativeTarget;
			buildConfigurationList = C3724CE825D2CAFF00473FB8 /* Build configuration list for PBXNativeTarget "fiUITests" */;
			buildPhases = (
				C3724CD525D2CAFF00473FB8 /* Sources */,
				C3724CD625D2CAFF00473FB8 /* Frameworks */,
				C3724CD725D2CAFF00473FB8 /* Resources */,
			);
			buildRules = (
			);
			dependencies = (
				C3724CDB25D2CAFF00473FB8 /* PBXTargetDependency */,
			);
			name = fiUITests;
			productName = fiUITests;
			productReference = C3724CD925D2CAFF00473FB8 /* fiUITests.xctest */;
			productType = "com.apple.product-type.bundle.ui-testing";
		};
/* End PBXNativeTarget section */

/* Begin PBXProject section */
		C3724CB025D2CAFA00473FB8 /* Project object */ = {
			isa = PBXProject;
			attributes = {
				LastSwiftUpdateCheck = 1240;
				LastUpgradeCheck = 1240;
				TargetAttributes = {
					C3724CB725D2CAFA00473FB8 = {
						CreatedOnToolsVersion = 12.4;
					};
					C3724CCD25D2CAFF00473FB8 = {
						CreatedOnToolsVersion = 12.4;
						TestTargetID = C3724CB725D2CAFA00473FB8;
					};
					C3724CD825D2CAFF00473FB8 = {
						CreatedOnToolsVersion = 12.4;
						TestTargetID = C3724CB725D2CAFA00473FB8;
					};
				};
			};
			buildConfigurationList = C3724CB325D2CAFA00473FB8 /* Build configuration list for PBXProject "fi" */;
			compatibilityVersion = "Xcode 9.3";
			developmentRegion = en;
			hasScannedForEncodings = 0;
			knownRegions = (
				en,
				Base,
			);
			mainGroup = C3724CAF25D2CAFA00473FB8;
			productRefGroup = C3724CB925D2CAFA00473FB8 /* Products */;
			projectDirPath = "";
			projectRoot = "";
			targets = (
				C3724CB725D2CAFA00473FB8 /* fi */,
				C3724CCD25D2CAFF00473FB8 /* fiTests */,
				C3724CD825D2CAFF00473FB8 /* fiUITests */,
			);
		};
/* End PBXProject section */

/* Begin PBXResourcesBuildPhase section */
		C3724CB625D2CAFA00473FB8 /* Resources */ = {
			isa = PBXResourcesBuildPhase;
			buildActionMask = 2147483647;
			files = (
				C3724CC825D2CAFE00473FB8 /* LaunchScreen.storyboard in Resources */,
				C3724CC525D2CAFE00473FB8 /* Preview Assets.xcassets in Resources */,
				C3724CC225D2CAFE00473FB8 /* Assets.xcassets in Resources */,
			);
			runOnlyForDeploymentPostprocessing = 0;
		};
		C3724CCC25D2CAFF00473FB8 /* Resources */ = {
			isa = PBXResourcesBuildPhase;
			buildActionMask = 2147483647;
			files = (
			);
			runOnlyForDeploymentPostprocessing = 0;
		};
		C3724CD725D2CAFF00473FB8 /* Resources */ = {
			isa = PBXResourcesBuildPhase;
			buildActionMask = 2147483647;
			files = (
			);
			runOnlyForDeploymentPostprocessing = 0;
		};
/* End PBXResourcesBuildPhase section */

/* Begin PBXSourcesBuildPhase section */
		C3724CB425D2CAFA00473FB8 /* Sources */ = {
			isa = PBXSourcesBuildPhase;
			buildActionMask = 2147483647;
			files = (
				C3724CBC25D2CAFA00473FB8 /* AppDelegate.swift in Sources */,
				C3724CBE25D2CAFA00473FB8 /* SceneDelegate.swift in Sources */,
				C3724CC025D2CAFA00473FB8 /* ContentView.swift in Sources */,
			);
			runOnlyForDeploymentPostprocessing = 0;
		};
		C3724CCA25D2CAFF00473FB8 /* Sources */ = {
			isa = PBXSourcesBuildPhase;
			buildActionMask = 2147483647;
			files = (
				C3724CD325D2CAFF00473FB8 /* fiTests.swift in Sources */,
			);
			runOnlyForDeploymentPostprocessing = 0;
		};
		C3724CD525D2CAFF00473FB8 /* Sources */ = {
			isa = PBXSourcesBuildPhase;
			buildActionMask = 2147483647;
			files = (
				C3724CDE25D2CAFF00473FB8 /* fiUITests.swift in Sources */,
			);
			runOnlyForDeploymentPostprocessing = 0;
		};
/* End PBXSourcesBuildPhase section */

/* Begin PBXTargetDependency section */
		C3724CD025D2CAFF00473FB8 /* PBXTargetDependency */ = {
			isa = PBXTargetDependency;
			target = C3724CB725D2CAFA00473FB8 /* fi */;
			targetProxy = C3724CCF25D2CAFF00473FB8 /* PBXContainerItemProxy */;
		};
		C3724CDB25D2CAFF00473FB8 /* PBXTargetDependency */ = {
			isa = PBXTargetDependency;
			target = C3724CB725D2CAFA00473FB8 /* fi */;
			targetProxy = C3724CDA25D2CAFF00473FB8 /* PBXContainerItemProxy */;
		};
/* End PBXTargetDependency section */

/* Begin PBXVariantGroup section */
		C3724CC625D2CAFE00473FB8 /* LaunchScreen.storyboard */ = {
			isa = PBXVariantGroup;
			children = (
				C3724CC725D2CAFE00473FB8 /* Base */,
			);
			name = LaunchScreen.storyboard;
			sourceTree = "<group>";
		};
/* End PBXVariantGroup section */

/* Begin XCBuildConfiguration section */
		C3724CE025D2CAFF00473FB8 /* Debug */ = {
			isa = XCBuildConfiguration;
			buildSettings = {
				ALWAYS_SEARCH_USER_PATHS = NO;
				CLANG_ANALYZER_NONNULL = YES;
				CLANG_ANALYZER_NUMBER_OBJECT_CONVERSION = YES_AGGRESSIVE;
				CLANG_CXX_LANGUAGE_STANDARD = "gnu++14";
				CLANG_CXX_LIBRARY = "libc++";
				CLANG_ENABLE_MODULES = YES;
				CLANG_ENABLE_OBJC_ARC = YES;
				CLANG_ENABLE_OBJC_WEAK = YES;
				CLANG_WARN_BLOCK_CAPTURE_AUTORELEASING = YES;
				CLANG_WARN_BOOL_CONVERSION = YES;
				CLANG_WARN_COMMA = YES;
				CLANG_WARN_CONSTANT_CONVERSION = YES;
				CLANG_WARN_DEPRECATED_OBJC_IMPLEMENTATIONS = YES;
				CLANG_WARN_DIRECT_OBJC_ISA_USAGE = YES_ERROR;
				CLANG_WARN_DOCUMENTATION_COMMENTS = YES;
				CLANG_WARN_EMPTY_BODY = YES;
				CLANG_WARN_ENUM_CONVERSION = YES;
				CLANG_WARN_INFINITE_RECURSION = YES;
				CLANG_WARN_INT_CONVERSION = YES;
				CLANG_WARN_NON_LITERAL_NULL_CONVERSION = YES;
				CLANG_WARN_OBJC_IMPLICIT_RETAIN_SELF = YES;
				CLANG_WARN_OBJC_LITERAL_CONVERSION = YES;
				CLANG_WARN_OBJC_ROOT_CLASS = YES_ERROR;
				CLANG_WARN_QUOTED_INCLUDE_IN_FRAMEWORK_HEADER = YES;
				CLANG_WARN_RANGE_LOOP_ANALYSIS = YES;
				CLANG_WARN_STRICT_PROTOTYPES = YES;
				CLANG_WARN_SUSPICIOUS_MOVE = YES;
				CLANG_WARN_UNGUARDED_AVAILABILITY = YES_AGGRESSIVE;
				CLANG_WARN_UNREACHABLE_CODE = YES;
				CLANG_WARN__DUPLICATE_METHOD_MATCH = YES;
				COPY_PHASE_STRIP = NO;
				DEBUG_INFORMATION_FORMAT = dwarf;
				ENABLE_STRICT_OBJC_MSGSEND = YES;
				ENABLE_TESTABILITY = YES;
				GCC_C_LANGUAGE_STANDARD = gnu11;
				GCC_DYNAMIC_NO_PIC = NO;
				GCC_NO_COMMON_BLOCKS = YES;
				GCC_OPTIMIZATION_LEVEL = 0;
				GCC_PREPROCESSOR_DEFINITIONS = (
					"DEBUG=1",
					"$(inherited)",
				);
				GCC_WARN_64_TO_32_BIT_CONVERSION = YES;
				GCC_WARN_ABOUT_RETURN_TYPE = YES_ERROR;
				GCC_WARN_UNDECLARED_SELECTOR = YES;
				GCC_WARN_UNINITIALIZED_AUTOS = YES_AGGRESSIVE;
				GCC_WARN_UNUSED_FUNCTION = YES;
				GCC_WARN_UNUSED_VARIABLE = YES;
				IPHONEOS_DEPLOYMENT_TARGET = 14.4;
				MTL_ENABLE_DEBUG_INFO = INCLUDE_SOURCE;
				MTL_FAST_MATH = YES;
				ONLY_ACTIVE_ARCH = YES;
				SDKROOT = iphoneos;
				SWIFT_ACTIVE_COMPILATION_CONDITIONS = DEBUG;
				SWIFT_OPTIMIZATION_LEVEL = "-Onone";
			};
			name = Debug;
		};
		C3724CE125D2CAFF00473FB8 /* Release */ = {
			isa = XCBuildConfiguration;
			buildSettings = {
				ALWAYS_SEARCH_USER_PATHS = NO;
				CLANG_ANALYZER_NONNULL = YES;
				CLANG_ANALYZER_NUMBER_OBJECT_CONVERSION = YES_AGGRESSIVE;
				CLANG_CXX_LANGUAGE_STANDARD = "gnu++14";
				CLANG_CXX_LIBRARY = "libc++";
				CLANG_ENABLE_MODULES = YES;
				CLANG_ENABLE_OBJC_ARC = YES;
				CLANG_ENABLE_OBJC_WEAK = YES;
				CLANG_WARN_BLOCK_CAPTURE_AUTORELEASING = YES;
				CLANG_WARN_BOOL_CONVERSION = YES;
				CLANG_WARN_COMMA = YES;
				CLANG_WARN_CONSTANT_CONVERSION = YES;
				CLANG_WARN_DEPRECATED_OBJC_IMPLEMENTATIONS = YES;
				CLANG_WARN_DIRECT_OBJC_ISA_USAGE = YES_ERROR;
				CLANG_WARN_DOCUMENTATION_COMMENTS = YES;
				CLANG_WARN_EMPTY_BODY = YES;
				CLANG_WARN_ENUM_CONVERSION = YES;
				CLANG_WARN_INFINITE_RECURSION = YES;
				CLANG_WARN_INT_CONVERSION = YES;
				CLANG_WARN_NON_LITERAL_NULL_CONVERSION = YES;
				CLANG_WARN_OBJC_IMPLICIT_RETAIN_SELF = YES;
				CLANG_WARN_OBJC_LITERAL_CONVERSION = YES;
				CLANG_WARN_OBJC_ROOT_CLASS = YES_ERROR;
				CLANG_WARN_QUOTED_INCLUDE_IN_FRAMEWORK_HEADER = YES;
				CLANG_WARN_RANGE_LOOP_ANALYSIS = YES;
				CLANG_WARN_STRICT_PROTOTYPES = YES;
				CLANG_WARN_SUSPICIOUS_MOVE = YES;
				CLANG_WARN_UNGUARDED_AVAILABILITY = YES_AGGRESSIVE;
				CLANG_WARN_UNREACHABLE_CODE = YES;
				CLANG_WARN__DUPLICATE_METHOD_MATCH = YES;
				COPY_PHASE_STRIP = NO;
				DEBUG_INFORMATION_FORMAT = "dwarf-with-dsym";
				ENABLE_NS_ASSERTIONS = NO;
				ENABLE_STRICT_OBJC_MSGSEND = YES;
				GCC_C_LANGUAGE_STANDARD = gnu11;
				GCC_NO_COMMON_BLOCKS = YES;
				GCC_WARN_64_TO_32_BIT_CONVERSION = YES;
				GCC_WARN_ABOUT_RETURN_TYPE = YES_ERROR;
				GCC_WARN_UNDECLARED_SELECTOR = YES;
				GCC_WARN_UNINITIALIZED_AUTOS = YES_AGGRESSIVE;
				GCC_WARN_UNUSED_FUNCTION = YES;
				GCC_WARN_UNUSED_VARIABLE = YES;
				IPHONEOS_DEPLOYMENT_TARGET = 14.4;
				MTL_ENABLE_DEBUG_INFO = NO;
				MTL_FAST_MATH = YES;
				SDKROOT = iphoneos;
				SWIFT_COMPILATION_MODE = wholemodule;
				SWIFT_OPTIMIZATION_LEVEL = "-O";
				VALIDATE_PRODUCT = YES;
			};
			name = Release;
		};
		C3724CE325D2CAFF00473FB8 /* Debug */ = {
			isa = XCBuildConfiguration;
			buildSettings = {
				ASSETCATALOG_COMPILER_APPICON_NAME = AppIcon;
				ASSETCATALOG_COMPILER_GLOBAL_ACCENT_COLOR_NAME = AccentColor;
				CODE_SIGN_STYLE = Automatic;
				DEVELOPMENT_ASSET_PATHS = "\"fi/Preview Content\"";
				ENABLE_PREVIEWS = YES;
				INFOPLIST_FILE = fi/Info.plist;
				LD_RUNPATH_SEARCH_PATHS = (
					"$(inherited)",
					"@executable_path/Frameworks",
				);
				PRODUCT_BUNDLE_IDENTIFIER = kp11.fi;
				PRODUCT_NAME = "$(TARGET_NAME)";
				SWIFT_VERSION = 5.0;
				TARGETED_DEVICE_FAMILY = "1,2";
			};
			name = Debug;
		};
		C3724CE425D2CAFF00473FB8 /* Release */ = {
			isa = XCBuildConfiguration;
			buildSettings = {
				ASSETCATALOG_COMPILER_APPICON_NAME = AppIcon;
				ASSETCATALOG_COMPILER_GLOBAL_ACCENT_COLOR_NAME = AccentColor;
				CODE_SIGN_STYLE = Automatic;
				DEVELOPMENT_ASSET_PATHS = "\"fi/Preview Content\"";
				ENABLE_PREVIEWS = YES;
				INFOPLIST_FILE = fi/Info.plist;
				LD_RUNPATH_SEARCH_PATHS = (
					"$(inherited)",
					"@executable_path/Frameworks",
				);
				PRODUCT_BUNDLE_IDENTIFIER = kp11.fi;
				PRODUCT_NAME = "$(TARGET_NAME)";
				SWIFT_VERSION = 5.0;
				TARGETED_DEVICE_FAMILY = "1,2";
			};
			name = Release;
		};
		C3724CE625D2CAFF00473FB8 /* Debug */ = {
			isa = XCBuildConfiguration;
			buildSettings = {
				ALWAYS_EMBED_SWIFT_STANDARD_LIBRARIES = YES;
				BUNDLE_LOADER = "$(TEST_HOST)";
				CODE_SIGN_STYLE = Automatic;
				INFOPLIST_FILE = fiTests/Info.plist;
				IPHONEOS_DEPLOYMENT_TARGET = 14.4;
				LD_RUNPATH_SEARCH_PATHS = (
					"$(inherited)",
					"@executable_path/Frameworks",
					"@loader_path/Frameworks",
				);
				PRODUCT_BUNDLE_IDENTIFIER = kp11.fiTests;
				PRODUCT_NAME = "$(TARGET_NAME)";
				SWIFT_VERSION = 5.0;
				TARGETED_DEVICE_FAMILY = "1,2";
				TEST_HOST = "$(BUILT_PRODUCTS_DIR)/fi.app/fi";
			};
			name = Debug;
		};
		C3724CE725D2CAFF00473FB8 /* Release */ = {
			isa = XCBuildConfiguration;
			buildSettings = {
				ALWAYS_EMBED_SWIFT_STANDARD_LIBRARIES = YES;
				BUNDLE_LOADER = "$(TEST_HOST)";
				CODE_SIGN_STYLE = Automatic;
				INFOPLIST_FILE = fiTests/Info.plist;
				IPHONEOS_DEPLOYMENT_TARGET = 14.4;
				LD_RUNPATH_SEARCH_PATHS = (
					"$(inherited)",
					"@executable_path/Frameworks",
					"@loader_path/Frameworks",
				);
				PRODUCT_BUNDLE_IDENTIFIER = kp11.fiTests;
				PRODUCT_NAME = "$(TARGET_NAME)";
				SWIFT_VERSION = 5.0;
				TARGETED_DEVICE_FAMILY = "1,2";
				TEST_HOST = "$(BUILT_PRODUCTS_DIR)/fi.app/fi";
			};
			name = Release;
		};
		C3724CE925D2CAFF00473FB8 /* Debug */ = {
			isa = XCBuildConfiguration;
			buildSettings = {
				ALWAYS_EMBED_SWIFT_STANDARD_LIBRARIES = YES;
				CODE_SIGN_STYLE = Automatic;
				INFOPLIST_FILE = fiUITests/Info.plist;
				LD_RUNPATH_SEARCH_PATHS = (
					"$(inherited)",
					"@executable_path/Frameworks",
					"@loader_path/Frameworks",
				);
				PRODUCT_BUNDLE_IDENTIFIER = kp11.fiUITests;
				PRODUCT_NAME = "$(TARGET_NAME)";
				SWIFT_VERSION = 5.0;
				TARGETED_DEVICE_FAMILY = "1,2";
				TEST_TARGET_NAME = fi;
			};
			name = Debug;
		};
		C3724CEA25D2CAFF00473FB8 /* Release */ = {
			isa = XCBuildConfiguration;
			buildSettings = {
				ALWAYS_EMBED_SWIFT_STANDARD_LIBRARIES = YES;
				CODE_SIGN_STYLE = Automatic;
				INFOPLIST_FILE = fiUITests/Info.plist;
				LD_RUNPATH_SEARCH_PATHS = (
					"$(inherited)",
					"@executable_path/Frameworks",
					"@loader_path/Frameworks",
				);
				PRODUCT_BUNDLE_IDENTIFIER = kp11.fiUITests;
				PRODUCT_NAME = "$(TARGET_NAME)";
				SWIFT_VERSION = 5.0;
				TARGETED_DEVICE_FAMILY = "1,2";
				TEST_TARGET_NAME = fi;
			};
			name = Release;
		};
/* End XCBuildConfiguration section */

/* Begin XCConfigurationList section */
		C3724CB325D2CAFA00473FB8 /* Build configuration list for PBXProject "fi" */ = {
			isa = XCConfigurationList;
			buildConfigurations = (
				C3724CE025D2CAFF00473FB8 /* Debug */,
				C3724CE125D2CAFF00473FB8 /* Release */,
			);
			defaultConfigurationIsVisible = 0;
			defaultConfigurationName = Release;
		};
		C3724CE225D2CAFF00473FB8 /* Build configuration list for PBXNativeTarget "fi" */ = {
			isa = XCConfigurationList;
			buildConfigurations = (
				C3724CE325D2CAFF00473FB8 /* Debug */,
				C3724CE425D2CAFF00473FB8 /* Release */,
			);
			defaultConfigurationIsVisible = 0;
			defaultConfigurationName = Release;
		};
		C3724CE525D2CAFF00473FB8 /* Build configuration list for PBXNativeTarget "fiTests" */ = {
			isa = XCConfigurationList;
			buildConfigurations = (
				C3724CE625D2CAFF00473FB8 /* Debug */,
				C3724CE725D2CAFF00473FB8 /* Release */,
			);
			defaultConfigurationIsVisible = 0;
			defaultConfigurationName = Release;
		};
		C3724CE825D2CAFF00473FB8 /* Build configuration list for PBXNativeTarget "fiUITests" */ = {
			isa = XCConfigurationList;
			buildConfigurations = (
				C3724CE925D2CAFF00473FB8 /* Debug */,
				C3724CEA25D2CAFF00473FB8 /* Release */,
			);
			defaultConfigurationIsVisible = 0;
			defaultConfigurationName = Release;
		};
/* End XCConfigurationList section */
	};
	rootObject = C3724CB025D2CAFA00473FB8 /* Project object */;
}
